
Microsoft Visual Studio Solution File, Format Version 12.00
# Visual Studio Version 16
VisualStudioVersion = 16.0.31321.278
MinimumVisualStudioVersion = 10.0.40219.1
Project("{FAE04EC0-301F-11D3-BF4B-00C04F79EFBC}") = "InterfaceImplementation", "InterfaceImplementation.csproj", "{450321E2-1E01-4240-AA10-A1C7639E036A}"
EndProject
Global
	GlobalSection(SolutionConfigurationPlatforms) = preSolution
		Debug|Any CPU = Debug|Any CPU
		Release|Any CPU = Release|Any CPU
	EndGlobalSection
	GlobalSection(ProjectConfigurationPlatforms) = postSolution
		{450321E2-1E01-4240-AA10-A1C7639E036A}.Debug|Any CPU.ActiveCfg = Debug|Any CPU
		{450321E2-1E01-4240-AA10-A1C7639E036A}.Debug|Any CPU.Build.0 = Debug|Any CPU
		{450321E2-1E01-4240-AA10-A1C7639E036A}.Release|Any CPU.ActiveCfg = Release|Any CPU
		{450321E2-1E01-4240-AA10-A1C7639E036A}.Release|Any CPU.Build.0 = Release|Any CPU
	EndGlobalSection
	GlobalSection(SolutionProperties) = preSolution
		HideSolutionNode = FALSE
	EndGlobalSection
	GlobalSection(ExtensibilityGlobals) = postSolution
		SolutionGuid = {12E4052F-4830-4519-AC63-92E94C4A8CD7}
	EndGlobalSection
EndGlobal
